// !$*UTF8*$!
{
	archiveVersion = 1;
	classes = {
	};
	objectVersion = 56;
	objects = {

/* Begin PBXBuildFile section */
		6C083EE82950C2870096E055 /* RobotMiners.swift in Sources */ = {isa = PBXBuildFile; fileRef = 6C083EE72950C2870096E055 /* RobotMiners.swift */; };
		6C083EEA2952C94F0096E055 /* Day20.swift in Sources */ = {isa = PBXBuildFile; fileRef = 6C083EE92952C94F0096E055 /* Day20.swift */; };
		6C083EEC2952D9EC0096E055 /* MonkeyShouts.swift in Sources */ = {isa = PBXBuildFile; fileRef = 6C083EEB2952D9EC0096E055 /* MonkeyShouts.swift */; };
		6C083EEE2954AB5B0096E055 /* WrappingMap.swift in Sources */ = {isa = PBXBuildFile; fileRef = 6C083EED2954AB5B0096E055 /* WrappingMap.swift */; };
		6C083EF02956BD8A0096E055 /* Plantings.swift in Sources */ = {isa = PBXBuildFile; fileRef = 6C083EEF2956BD8A0096E055 /* Plantings.swift */; };
		6C083EF22956CD920096E055 /* Blizzard.swift in Sources */ = {isa = PBXBuildFile; fileRef = 6C083EF12956CD920096E055 /* Blizzard.swift */; };
		6C43895F2B2229BB008484B8 /* CamelCards.swift in Sources */ = {isa = PBXBuildFile; fileRef = 6C43895E2B2229BB008484B8 /* CamelCards.swift */; };
		6C438A4C2B237593008484B8 /* GhostCamels.swift in Sources */ = {isa = PBXBuildFile; fileRef = 6C438A4B2B237593008484B8 /* GhostCamels.swift */; };
		6C438A4E2B26CBFC008484B8 /* Pipes.swift in Sources */ = {isa = PBXBuildFile; fileRef = 6C438A4D2B26CBFC008484B8 /* Pipes.swift */; };
		6C438A502B26CC3D008484B8 /* Mirage.swift in Sources */ = {isa = PBXBuildFile; fileRef = 6C438A4F2B26CC3D008484B8 /* Mirage.swift */; };
		6C438A522B276D59008484B8 /* CosmicExpansion.swift in Sources */ = {isa = PBXBuildFile; fileRef = 6C438A512B276D59008484B8 /* CosmicExpansion.swift */; };
		6C438A542B283EB4008484B8 /* HotSprings.swift in Sources */ = {isa = PBXBuildFile; fileRef = 6C438A532B283EB4008484B8 /* HotSprings.swift */; };
		6C5F86942B2A0F36000CEE33 /* Mirrors.swift in Sources */ = {isa = PBXBuildFile; fileRef = 6C5F86932B2A0F36000CEE33 /* Mirrors.swift */; };
		6C5F86962B2C10C9000CEE33 /* ParabolicReflector.swift in Sources */ = {isa = PBXBuildFile; fileRef = 6C5F86952B2C10C9000CEE33 /* ParabolicReflector.swift */; };
		6C5F86982B2D655F000CEE33 /* LensLibrary.swift in Sources */ = {isa = PBXBuildFile; fileRef = 6C5F86972B2D655F000CEE33 /* LensLibrary.swift */; };
		6C7200302942576F002E0D6C /* TreeGrid.swift in Sources */ = {isa = PBXBuildFile; fileRef = 6C72002F2942576F002E0D6C /* TreeGrid.swift */; };
		6C72003229426619002E0D6C /* Grid.swift in Sources */ = {isa = PBXBuildFile; fileRef = 6C72003129426619002E0D6C /* Grid.swift */; };
		6C720034294394DC002E0D6C /* RopeBridge.swift in Sources */ = {isa = PBXBuildFile; fileRef = 6C720033294394DC002E0D6C /* RopeBridge.swift */; };
		6C7202AC29459AD1002E0D6C /* cathodeRayTube.swift in Sources */ = {isa = PBXBuildFile; fileRef = 6C7202AB29459AD1002E0D6C /* cathodeRayTube.swift */; };
		6C7202AE2945A855002E0D6C /* Monkeys.swift in Sources */ = {isa = PBXBuildFile; fileRef = 6C7202AD2945A855002E0D6C /* Monkeys.swift */; };
		6C7202B02947AED3002E0D6C /* HillClimb.swift in Sources */ = {isa = PBXBuildFile; fileRef = 6C7202AF2947AED3002E0D6C /* HillClimb.swift */; };
		6C72044A2948DDF4002E0D6C /* DistressSignal.swift in Sources */ = {isa = PBXBuildFile; fileRef = 6C7204492948DDF4002E0D6C /* DistressSignal.swift */; };
		6C72FF5D2940FAEF002E0D6C /* main.swift in Sources */ = {isa = PBXBuildFile; fileRef = 6C72FF5C2940FAEF002E0D6C /* main.swift */; };
		6C72FF6429413E97002E0D6C /* firstSeven.swift in Sources */ = {isa = PBXBuildFile; fileRef = 6C72FF6329413E97002E0D6C /* firstSeven.swift */; };
		6C922F8D2B1A821A00A71E7F /* day1-6.swift in Sources */ = {isa = PBXBuildFile; fileRef = 6C922F8C2B1A821A00A71E7F /* day1-6.swift */; };
		6C9E235D294A376A001FA794 /* Sand.swift in Sources */ = {isa = PBXBuildFile; fileRef = 6C9E235C294A376A001FA794 /* Sand.swift */; };
		6C9E2449294B772F001FA794 /* SensorBeacon.swift in Sources */ = {isa = PBXBuildFile; fileRef = 6C9E2448294B772F001FA794 /* SensorBeacon.swift */; };
		6CB741A1294CDB73003EFE8E /* Valves.swift in Sources */ = {isa = PBXBuildFile; fileRef = 6CB741A0294CDB73003EFE8E /* Valves.swift */; };
		6CB741A3294CE6C4003EFE8E /* Graph.swift in Sources */ = {isa = PBXBuildFile; fileRef = 6CB741A2294CE6C4003EFE8E /* Graph.swift */; };
		6CE9E66A294E4002003D3C91 /* Tetris.swift in Sources */ = {isa = PBXBuildFile; fileRef = 6CE9E669294E4002003D3C91 /* Tetris.swift */; };
		6CE9E66C294F8611003D3C91 /* Voxels.swift in Sources */ = {isa = PBXBuildFile; fileRef = 6CE9E66B294F8611003D3C91 /* Voxels.swift */; };
/* End PBXBuildFile section */

/* Begin PBXCopyFilesBuildPhase section */
		6C72FF572940FAEF002E0D6C /* CopyFiles */ = {
			isa = PBXCopyFilesBuildPhase;
			buildActionMask = 2147483647;
			dstPath = /usr/share/man/man1/;
			dstSubfolderSpec = 0;
			files = (
			);
			runOnlyForDeploymentPostprocessing = 1;
		};
/* End PBXCopyFilesBuildPhase section */

/* Begin PBXFileReference section */
		6C083EE72950C2870096E055 /* RobotMiners.swift */ = {isa = PBXFileReference; lastKnownFileType = sourcecode.swift; path = RobotMiners.swift; sourceTree = "<group>"; };
		6C083EE92952C94F0096E055 /* Day20.swift */ = {isa = PBXFileReference; lastKnownFileType = sourcecode.swift; path = Day20.swift; sourceTree = "<group>"; };
		6C083EEB2952D9EC0096E055 /* MonkeyShouts.swift */ = {isa = PBXFileReference; lastKnownFileType = sourcecode.swift; path = MonkeyShouts.swift; sourceTree = "<group>"; };
		6C083EED2954AB5B0096E055 /* WrappingMap.swift */ = {isa = PBXFileReference; lastKnownFileType = sourcecode.swift; path = WrappingMap.swift; sourceTree = "<group>"; };
		6C083EEF2956BD8A0096E055 /* Plantings.swift */ = {isa = PBXFileReference; lastKnownFileType = sourcecode.swift; path = Plantings.swift; sourceTree = "<group>"; };
		6C083EF12956CD920096E055 /* Blizzard.swift */ = {isa = PBXFileReference; lastKnownFileType = sourcecode.swift; path = Blizzard.swift; sourceTree = "<group>"; };
		6C43895E2B2229BB008484B8 /* CamelCards.swift */ = {isa = PBXFileReference; lastKnownFileType = sourcecode.swift; path = CamelCards.swift; sourceTree = "<group>"; };
		6C438A4B2B237593008484B8 /* GhostCamels.swift */ = {isa = PBXFileReference; lastKnownFileType = sourcecode.swift; path = GhostCamels.swift; sourceTree = "<group>"; };
		6C438A4D2B26CBFC008484B8 /* Pipes.swift */ = {isa = PBXFileReference; lastKnownFileType = sourcecode.swift; path = Pipes.swift; sourceTree = "<group>"; };
		6C438A4F2B26CC3D008484B8 /* Mirage.swift */ = {isa = PBXFileReference; lastKnownFileType = sourcecode.swift; path = Mirage.swift; sourceTree = "<group>"; };
		6C438A512B276D59008484B8 /* CosmicExpansion.swift */ = {isa = PBXFileReference; lastKnownFileType = sourcecode.swift; path = CosmicExpansion.swift; sourceTree = "<group>"; };
		6C438A532B283EB4008484B8 /* HotSprings.swift */ = {isa = PBXFileReference; lastKnownFileType = sourcecode.swift; path = HotSprings.swift; sourceTree = "<group>"; };
		6C5F86932B2A0F36000CEE33 /* Mirrors.swift */ = {isa = PBXFileReference; lastKnownFileType = sourcecode.swift; path = Mirrors.swift; sourceTree = "<group>"; };
		6C5F86952B2C10C9000CEE33 /* ParabolicReflector.swift */ = {isa = PBXFileReference; lastKnownFileType = sourcecode.swift; path = ParabolicReflector.swift; sourceTree = "<group>"; };
		6C5F86972B2D655F000CEE33 /* LensLibrary.swift */ = {isa = PBXFileReference; lastKnownFileType = sourcecode.swift; path = LensLibrary.swift; sourceTree = "<group>"; };
		6C72002F2942576F002E0D6C /* TreeGrid.swift */ = {isa = PBXFileReference; lastKnownFileType = sourcecode.swift; path = TreeGrid.swift; sourceTree = "<group>"; };
		6C72003129426619002E0D6C /* Grid.swift */ = {isa = PBXFileReference; lastKnownFileType = sourcecode.swift; path = Grid.swift; sourceTree = "<group>"; };
		6C720033294394DC002E0D6C /* RopeBridge.swift */ = {isa = PBXFileReference; lastKnownFileType = sourcecode.swift; path = RopeBridge.swift; sourceTree = "<group>"; };
		6C7202AB29459AD1002E0D6C /* cathodeRayTube.swift */ = {isa = PBXFileReference; lastKnownFileType = sourcecode.swift; path = cathodeRayTube.swift; sourceTree = "<group>"; };
		6C7202AD2945A855002E0D6C /* Monkeys.swift */ = {isa = PBXFileReference; lastKnownFileType = sourcecode.swift; path = Monkeys.swift; sourceTree = "<group>"; };
		6C7202AF2947AED3002E0D6C /* HillClimb.swift */ = {isa = PBXFileReference; lastKnownFileType = sourcecode.swift; path = HillClimb.swift; sourceTree = "<group>"; };
		6C7204492948DDF4002E0D6C /* DistressSignal.swift */ = {isa = PBXFileReference; lastKnownFileType = sourcecode.swift; path = DistressSignal.swift; sourceTree = "<group>"; };
		6C72FF592940FAEF002E0D6C /* aoc */ = {isa = PBXFileReference; explicitFileType = "compiled.mach-o.executable"; includeInIndex = 0; path = aoc; sourceTree = BUILT_PRODUCTS_DIR; };
		6C72FF5C2940FAEF002E0D6C /* main.swift */ = {isa = PBXFileReference; lastKnownFileType = sourcecode.swift; path = main.swift; sourceTree = "<group>"; };
		6C72FF6329413E97002E0D6C /* firstSeven.swift */ = {isa = PBXFileReference; lastKnownFileType = sourcecode.swift; path = firstSeven.swift; sourceTree = "<group>"; };
		6C922F8C2B1A821A00A71E7F /* day1-6.swift */ = {isa = PBXFileReference; lastKnownFileType = sourcecode.swift; path = "day1-6.swift"; sourceTree = "<group>"; };
		6C9E235C294A376A001FA794 /* Sand.swift */ = {isa = PBXFileReference; lastKnownFileType = sourcecode.swift; path = Sand.swift; sourceTree = "<group>"; };
		6C9E2448294B772F001FA794 /* SensorBeacon.swift */ = {isa = PBXFileReference; lastKnownFileType = sourcecode.swift; path = SensorBeacon.swift; sourceTree = "<group>"; };
		6CB741A0294CDB73003EFE8E /* Valves.swift */ = {isa = PBXFileReference; lastKnownFileType = sourcecode.swift; path = Valves.swift; sourceTree = "<group>"; };
		6CB741A2294CE6C4003EFE8E /* Graph.swift */ = {isa = PBXFileReference; lastKnownFileType = sourcecode.swift; path = Graph.swift; sourceTree = "<group>"; };
		6CE9E669294E4002003D3C91 /* Tetris.swift */ = {isa = PBXFileReference; lastKnownFileType = sourcecode.swift; path = Tetris.swift; sourceTree = "<group>"; };
		6CE9E66B294F8611003D3C91 /* Voxels.swift */ = {isa = PBXFileReference; lastKnownFileType = sourcecode.swift; path = Voxels.swift; sourceTree = "<group>"; };
/* End PBXFileReference section */

/* Begin PBXFrameworksBuildPhase section */
		6C72FF562940FAEF002E0D6C /* Frameworks */ = {
			isa = PBXFrameworksBuildPhase;
			buildActionMask = 2147483647;
			files = (
			);
			runOnlyForDeploymentPostprocessing = 0;
		};
/* End PBXFrameworksBuildPhase section */

/* Begin PBXGroup section */
		6C72FF502940FAEF002E0D6C = {
			isa = PBXGroup;
			children = (
				6C72FF5B2940FAEF002E0D6C /* aoc */,
				6C72FF5A2940FAEF002E0D6C /* Products */,
			);
			sourceTree = "<group>";
		};
		6C72FF5A2940FAEF002E0D6C /* Products */ = {
			isa = PBXGroup;
			children = (
				6C72FF592940FAEF002E0D6C /* aoc */,
			);
			name = Products;
			sourceTree = "<group>";
		};
		6C72FF5B2940FAEF002E0D6C /* aoc */ = {
			isa = PBXGroup;
			children = (
				6C72003129426619002E0D6C /* Grid.swift */,
				6CB741A2294CE6C4003EFE8E /* Graph.swift */,
				6C72FF5C2940FAEF002E0D6C /* main.swift */,
				6C922F8C2B1A821A00A71E7F /* day1-6.swift */,
				6C43895E2B2229BB008484B8 /* CamelCards.swift */,
				6C438A4B2B237593008484B8 /* GhostCamels.swift */,
				6C438A4F2B26CC3D008484B8 /* Mirage.swift */,
				6C438A4D2B26CBFC008484B8 /* Pipes.swift */,
				6C438A512B276D59008484B8 /* CosmicExpansion.swift */,
				6C438A532B283EB4008484B8 /* HotSprings.swift */,
				6C5F86932B2A0F36000CEE33 /* Mirrors.swift */,
				6C5F86952B2C10C9000CEE33 /* ParabolicReflector.swift */,
				6C5F86972B2D655F000CEE33 /* LensLibrary.swift */,
				6C922F8B2B1A81FE00A71E7F /* 2022 */,
			);
			path = aoc;
			sourceTree = "<group>";
		};
		6C922F8B2B1A81FE00A71E7F /* 2022 */ = {
			isa = PBXGroup;
			children = (
				6C083EF12956CD920096E055 /* Blizzard.swift */,
				6C083EEF2956BD8A0096E055 /* Plantings.swift */,
				6C083EED2954AB5B0096E055 /* WrappingMap.swift */,
				6C083EEB2952D9EC0096E055 /* MonkeyShouts.swift */,
				6C083EE92952C94F0096E055 /* Day20.swift */,
				6C083EE72950C2870096E055 /* RobotMiners.swift */,
				6CE9E669294E4002003D3C91 /* Tetris.swift */,
				6CB741A0294CDB73003EFE8E /* Valves.swift */,
				6C9E2448294B772F001FA794 /* SensorBeacon.swift */,
				6C9E235C294A376A001FA794 /* Sand.swift */,
				6C7204492948DDF4002E0D6C /* DistressSignal.swift */,
				6C72FF6329413E97002E0D6C /* firstSeven.swift */,
				6C72002F2942576F002E0D6C /* TreeGrid.swift */,
				6C720033294394DC002E0D6C /* RopeBridge.swift */,
				6C7202AB29459AD1002E0D6C /* cathodeRayTube.swift */,
				6C7202AD2945A855002E0D6C /* Monkeys.swift */,
				6C7202AF2947AED3002E0D6C /* HillClimb.swift */,
				6CE9E66B294F8611003D3C91 /* Voxels.swift */,
			);
			path = 2022;
			sourceTree = "<group>";
		};
/* End PBXGroup section */

/* Begin PBXNativeTarget section */
		6C72FF582940FAEF002E0D6C /* aoc */ = {
			isa = PBXNativeTarget;
			buildConfigurationList = 6C72FF602940FAEF002E0D6C /* Build configuration list for PBXNativeTarget "aoc" */;
			buildPhases = (
				6C72FF552940FAEF002E0D6C /* Sources */,
				6C72FF562940FAEF002E0D6C /* Frameworks */,
				6C72FF572940FAEF002E0D6C /* CopyFiles */,
			);
			buildRules = (
			);
			dependencies = (
			);
			name = aoc;
			productName = aoc;
			productReference = 6C72FF592940FAEF002E0D6C /* aoc */;
			productType = "com.apple.product-type.tool";
		};
/* End PBXNativeTarget section */

/* Begin PBXProject section */
		6C72FF512940FAEF002E0D6C /* Project object */ = {
			isa = PBXProject;
			attributes = {
				BuildIndependentTargetsInParallel = 1;
				LastSwiftUpdateCheck = 1410;
				LastUpgradeCheck = 1410;
				TargetAttributes = {
					6C72FF582940FAEF002E0D6C = {
						CreatedOnToolsVersion = 14.1;
					};
				};
			};
			buildConfigurationList = 6C72FF542940FAEF002E0D6C /* Build configuration list for PBXProject "aoc" */;
			compatibilityVersion = "Xcode 14.0";
			developmentRegion = en;
			hasScannedForEncodings = 0;
			knownRegions = (
				en,
				Base,
			);
			mainGroup = 6C72FF502940FAEF002E0D6C;
			productRefGroup = 6C72FF5A2940FAEF002E0D6C /* Products */;
			projectDirPath = "";
			projectRoot = "";
			targets = (
				6C72FF582940FAEF002E0D6C /* aoc */,
			);
		};
/* End PBXProject section */

/* Begin PBXSourcesBuildPhase section */
		6C72FF552940FAEF002E0D6C /* Sources */ = {
			isa = PBXSourcesBuildPhase;
			buildActionMask = 2147483647;
			files = (
				6C43895F2B2229BB008484B8 /* CamelCards.swift in Sources */,
				6C083EE82950C2870096E055 /* RobotMiners.swift in Sources */,
				6CE9E66C294F8611003D3C91 /* Voxels.swift in Sources */,
				6CB741A1294CDB73003EFE8E /* Valves.swift in Sources */,
				6C083EEA2952C94F0096E055 /* Day20.swift in Sources */,
				6CB741A3294CE6C4003EFE8E /* Graph.swift in Sources */,
				6C438A4E2B26CBFC008484B8 /* Pipes.swift in Sources */,
				6C5F86942B2A0F36000CEE33 /* Mirrors.swift in Sources */,
				6CE9E66A294E4002003D3C91 /* Tetris.swift in Sources */,
				6C438A502B26CC3D008484B8 /* Mirage.swift in Sources */,
				6C438A522B276D59008484B8 /* CosmicExpansion.swift in Sources */,
				6C083EF02956BD8A0096E055 /* Plantings.swift in Sources */,
				6C720034294394DC002E0D6C /* RopeBridge.swift in Sources */,
				6C438A542B283EB4008484B8 /* HotSprings.swift in Sources */,
				6C922F8D2B1A821A00A71E7F /* day1-6.swift in Sources */,
				6C72FF6429413E97002E0D6C /* firstSeven.swift in Sources */,
				6C7202B02947AED3002E0D6C /* HillClimb.swift in Sources */,
				6C9E235D294A376A001FA794 /* Sand.swift in Sources */,
				6C5F86962B2C10C9000CEE33 /* ParabolicReflector.swift in Sources */,
				6C083EEC2952D9EC0096E055 /* MonkeyShouts.swift in Sources */,
				6C438A4C2B237593008484B8 /* GhostCamels.swift in Sources */,
				6C5F86982B2D655F000CEE33 /* LensLibrary.swift in Sources */,
				6C72044A2948DDF4002E0D6C /* DistressSignal.swift in Sources */,
				6C7202AE2945A855002E0D6C /* Monkeys.swift in Sources */,
				6C7200302942576F002E0D6C /* TreeGrid.swift in Sources */,
				6C083EEE2954AB5B0096E055 /* WrappingMap.swift in Sources */,
				6C7202AC29459AD1002E0D6C /* cathodeRayTube.swift in Sources */,
				6C72FF5D2940FAEF002E0D6C /* main.swift in Sources */,
				6C083EF22956CD920096E055 /* Blizzard.swift in Sources */,
				6C72003229426619002E0D6C /* Grid.swift in Sources */,
				6C9E2449294B772F001FA794 /* SensorBeacon.swift in Sources */,
			);
			runOnlyForDeploymentPostprocessing = 0;
		};
/* End PBXSourcesBuildPhase section */

/* Begin XCBuildConfiguration section */
		6C72FF5E2940FAEF002E0D6C /* Debug */ = {
			isa = XCBuildConfiguration;
			buildSettings = {
				ALWAYS_SEARCH_USER_PATHS = NO;
				CLANG_ANALYZER_NONNULL = YES;
				CLANG_ANALYZER_NUMBER_OBJECT_CONVERSION = YES_AGGRESSIVE;
				CLANG_CXX_LANGUAGE_STANDARD = "gnu++20";
				CLANG_ENABLE_MODULES = YES;
				CLANG_ENABLE_OBJC_ARC = YES;
				CLANG_ENABLE_OBJC_WEAK = YES;
				CLANG_WARN_BLOCK_CAPTURE_AUTORELEASING = YES;
				CLANG_WARN_BOOL_CONVERSION = YES;
				CLANG_WARN_COMMA = YES;
				CLANG_WARN_CONSTANT_CONVERSION = YES;
				CLANG_WARN_DEPRECATED_OBJC_IMPLEMENTATIONS = YES;
				CLANG_WARN_DIRECT_OBJC_ISA_USAGE = YES_ERROR;
				CLANG_WARN_DOCUMENTATION_COMMENTS = YES;
				CLANG_WARN_EMPTY_BODY = YES;
				CLANG_WARN_ENUM_CONVERSION = YES;
				CLANG_WARN_INFINITE_RECURSION = YES;
				CLANG_WARN_INT_CONVERSION = YES;
				CLANG_WARN_NON_LITERAL_NULL_CONVERSION = YES;
				CLANG_WARN_OBJC_IMPLICIT_RETAIN_SELF = YES;
				CLANG_WARN_OBJC_LITERAL_CONVERSION = YES;
				CLANG_WARN_OBJC_ROOT_CLASS = YES_ERROR;
				CLANG_WARN_QUOTED_INCLUDE_IN_FRAMEWORK_HEADER = YES;
				CLANG_WARN_RANGE_LOOP_ANALYSIS = YES;
				CLANG_WARN_STRICT_PROTOTYPES = YES;
				CLANG_WARN_SUSPICIOUS_MOVE = YES;
				CLANG_WARN_UNGUARDED_AVAILABILITY = YES_AGGRESSIVE;
				CLANG_WARN_UNREACHABLE_CODE = YES;
				CLANG_WARN__DUPLICATE_METHOD_MATCH = YES;
				COPY_PHASE_STRIP = NO;
				DEBUG_INFORMATION_FORMAT = dwarf;
				ENABLE_STRICT_OBJC_MSGSEND = YES;
				ENABLE_TESTABILITY = YES;
				GCC_C_LANGUAGE_STANDARD = gnu11;
				GCC_DYNAMIC_NO_PIC = NO;
				GCC_NO_COMMON_BLOCKS = YES;
				GCC_OPTIMIZATION_LEVEL = 0;
				GCC_PREPROCESSOR_DEFINITIONS = (
					"DEBUG=1",
					"$(inherited)",
				);
				GCC_WARN_64_TO_32_BIT_CONVERSION = YES;
				GCC_WARN_ABOUT_RETURN_TYPE = YES_ERROR;
				GCC_WARN_UNDECLARED_SELECTOR = YES;
				GCC_WARN_UNINITIALIZED_AUTOS = YES_AGGRESSIVE;
				GCC_WARN_UNUSED_FUNCTION = YES;
				GCC_WARN_UNUSED_VARIABLE = YES;
				MACOSX_DEPLOYMENT_TARGET = 13.0;
				MTL_ENABLE_DEBUG_INFO = INCLUDE_SOURCE;
				MTL_FAST_MATH = YES;
				ONLY_ACTIVE_ARCH = YES;
				SDKROOT = macosx;
				SWIFT_ACTIVE_COMPILATION_CONDITIONS = DEBUG;
				SWIFT_OPTIMIZATION_LEVEL = "-Onone";
				SYMROOT = /Users/toon/AdventOfCode;
			};
			name = Debug;
		};
		6C72FF5F2940FAEF002E0D6C /* Release */ = {
			isa = XCBuildConfiguration;
			buildSettings = {
				ALWAYS_SEARCH_USER_PATHS = NO;
				CLANG_ANALYZER_NONNULL = YES;
				CLANG_ANALYZER_NUMBER_OBJECT_CONVERSION = YES_AGGRESSIVE;
				CLANG_CXX_LANGUAGE_STANDARD = "gnu++20";
				CLANG_ENABLE_MODULES = YES;
				CLANG_ENABLE_OBJC_ARC = YES;
				CLANG_ENABLE_OBJC_WEAK = YES;
				CLANG_WARN_BLOCK_CAPTURE_AUTORELEASING = YES;
				CLANG_WARN_BOOL_CONVERSION = YES;
				CLANG_WARN_COMMA = YES;
				CLANG_WARN_CONSTANT_CONVERSION = YES;
				CLANG_WARN_DEPRECATED_OBJC_IMPLEMENTATIONS = YES;
				CLANG_WARN_DIRECT_OBJC_ISA_USAGE = YES_ERROR;
				CLANG_WARN_DOCUMENTATION_COMMENTS = YES;
				CLANG_WARN_EMPTY_BODY = YES;
				CLANG_WARN_ENUM_CONVERSION = YES;
				CLANG_WARN_INFINITE_RECURSION = YES;
				CLANG_WARN_INT_CONVERSION = YES;
				CLANG_WARN_NON_LITERAL_NULL_CONVERSION = YES;
				CLANG_WARN_OBJC_IMPLICIT_RETAIN_SELF = YES;
				CLANG_WARN_OBJC_LITERAL_CONVERSION = YES;
				CLANG_WARN_OBJC_ROOT_CLASS = YES_ERROR;
				CLANG_WARN_QUOTED_INCLUDE_IN_FRAMEWORK_HEADER = YES;
				CLANG_WARN_RANGE_LOOP_ANALYSIS = YES;
				CLANG_WARN_STRICT_PROTOTYPES = YES;
				CLANG_WARN_SUSPICIOUS_MOVE = YES;
				CLANG_WARN_UNGUARDED_AVAILABILITY = YES_AGGRESSIVE;
				CLANG_WARN_UNREACHABLE_CODE = YES;
				CLANG_WARN__DUPLICATE_METHOD_MATCH = YES;
				COPY_PHASE_STRIP = NO;
				DEBUG_INFORMATION_FORMAT = "dwarf-with-dsym";
				ENABLE_NS_ASSERTIONS = NO;
				ENABLE_STRICT_OBJC_MSGSEND = YES;
				GCC_C_LANGUAGE_STANDARD = gnu11;
				GCC_NO_COMMON_BLOCKS = YES;
				GCC_WARN_64_TO_32_BIT_CONVERSION = YES;
				GCC_WARN_ABOUT_RETURN_TYPE = YES_ERROR;
				GCC_WARN_UNDECLARED_SELECTOR = YES;
				GCC_WARN_UNINITIALIZED_AUTOS = YES_AGGRESSIVE;
				GCC_WARN_UNUSED_FUNCTION = YES;
				GCC_WARN_UNUSED_VARIABLE = YES;
				MACOSX_DEPLOYMENT_TARGET = 13.0;
				MTL_ENABLE_DEBUG_INFO = NO;
				MTL_FAST_MATH = YES;
				SDKROOT = macosx;
				SWIFT_COMPILATION_MODE = wholemodule;
				SWIFT_OPTIMIZATION_LEVEL = "-O";
				SYMROOT = /Users/toon/AdventOfCode;
			};
			name = Release;
		};
		6C72FF612940FAEF002E0D6C /* Debug */ = {
			isa = XCBuildConfiguration;
			buildSettings = {
				CODE_SIGN_STYLE = Automatic;
				DEVELOPMENT_TEAM = 34YW5XSRB7;
				ENABLE_HARDENED_RUNTIME = YES;
				PRODUCT_NAME = "$(TARGET_NAME)";
				SWIFT_VERSION = 5.0;
			};
			name = Debug;
		};
		6C72FF622940FAEF002E0D6C /* Release */ = {
			isa = XCBuildConfiguration;
			buildSettings = {
				CODE_SIGN_STYLE = Automatic;
				DEVELOPMENT_TEAM = 34YW5XSRB7;
				ENABLE_HARDENED_RUNTIME = YES;
				PRODUCT_NAME = "$(TARGET_NAME)";
				SWIFT_VERSION = 5.0;
			};
			name = Release;
		};
/* End XCBuildConfiguration section */

/* Begin XCConfigurationList section */
		6C72FF542940FAEF002E0D6C /* Build configuration list for PBXProject "aoc" */ = {
			isa = XCConfigurationList;
			buildConfigurations = (
				6C72FF5E2940FAEF002E0D6C /* Debug */,
				6C72FF5F2940FAEF002E0D6C /* Release */,
			);
			defaultConfigurationIsVisible = 0;
			defaultConfigurationName = Release;
		};
		6C72FF602940FAEF002E0D6C /* Build configuration list for PBXNativeTarget "aoc" */ = {
			isa = XCConfigurationList;
			buildConfigurations = (
				6C72FF612940FAEF002E0D6C /* Debug */,
				6C72FF622940FAEF002E0D6C /* Release */,
			);
			defaultConfigurationIsVisible = 0;
			defaultConfigurationName = Release;
		};
/* End XCConfigurationList section */
	};
	rootObject = 6C72FF512940FAEF002E0D6C /* Project object */;
}
